
Microsoft Visual Studio Solution File, Format Version 12.00
# Visual Studio Version 16
VisualStudioVersion = 16.0.29215.179
MinimumVisualStudioVersion = 10.0.40219.1
Project("{FAE04EC0-301F-11D3-BF4B-00C04F79EFBC}") = "serverForReadSQL", "serverForReadSQL.csproj", "{5B3EC711-8DDB-4814-854B-ECEC87098439}"
EndProject
Global
	GlobalSection(SolutionConfigurationPlatforms) = preSolution
		Debug|Any CPU = Debug|Any CPU
		Release|Any CPU = Release|Any CPU
	EndGlobalSection
	GlobalSection(ProjectConfigurationPlatforms) = postSolution
		{5B3EC711-8DDB-4814-854B-ECEC87098439}.Debug|Any CPU.ActiveCfg = Debug|Any CPU
		{5B3EC711-8DDB-4814-854B-ECEC87098439}.Debug|Any CPU.Build.0 = Debug|Any CPU
		{5B3EC711-8DDB-4814-854B-ECEC87098439}.Release|Any CPU.ActiveCfg = Release|Any CPU
		{5B3EC711-8DDB-4814-854B-ECEC87098439}.Release|Any CPU.Build.0 = Release|Any CPU
	EndGlobalSection
	GlobalSection(SolutionProperties) = preSolution
		HideSolutionNode = FALSE
	EndGlobalSection
	GlobalSection(ExtensibilityGlobals) = postSolution
		SolutionGuid = {15446578-BB88-424D-8A2A-1012A7D24387}
	EndGlobalSection
EndGlobal
